// !$*UTF8*$!
{
	archiveVersion = 1;
	classes = {
	};
	objectVersion = 46;
	objects = {

/* Begin PBXBuildFile section */
		7100CB461E08C89A000E4F06 /* main.m in Sources */ = {isa = PBXBuildFile; fileRef = 7100CB451E08C89A000E4F06 /* main.m */; };
		7100CB491E08C89A000E4F06 /* AppDelegate.m in Sources */ = {isa = PBXBuildFile; fileRef = 7100CB481E08C89A000E4F06 /* AppDelegate.m */; };
		7100CB4C1E08C89A000E4F06 /* ViewController.m in Sources */ = {isa = PBXBuildFile; fileRef = 7100CB4B1E08C89A000E4F06 /* ViewController.m */; };
		7100CB4F1E08C89A000E4F06 /* Main.storyboard in Resources */ = {isa = PBXBuildFile; fileRef = 7100CB4D1E08C89A000E4F06 /* Main.storyboard */; };
		7100CB511E08C89A000E4F06 /* Assets.xcassets in Resources */ = {isa = PBXBuildFile; fileRef = 7100CB501E08C89A000E4F06 /* Assets.xcassets */; };
		7100CB541E08C89A000E4F06 /* LaunchScreen.storyboard in Resources */ = {isa = PBXBuildFile; fileRef = 7100CB521E08C89A000E4F06 /* LaunchScreen.storyboard */; };
		7100CB5F1E08C89A000E4F06 /* ex1_1_4Tests.m in Sources */ = {isa = PBXBuildFile; fileRef = 7100CB5E1E08C89A000E4F06 /* ex1_1_4Tests.m */; };
		7100CB6A1E08C89A000E4F06 /* ex1_1_4UITests.m in Sources */ = {isa = PBXBuildFile; fileRef = 7100CB691E08C89A000E4F06 /* ex1_1_4UITests.m */; };
/* End PBXBuildFile section */

/* Begin PBXContainerItemProxy section */
		7100CB5B1E08C89A000E4F06 /* PBXContainerItemProxy */ = {
			isa = PBXContainerItemProxy;
			containerPortal = 7100CB391E08C89A000E4F06 /* Project object */;
			proxyType = 1;
			remoteGlobalIDString = 7100CB401E08C89A000E4F06;
			remoteInfo = "ex1-1-4";
		};
		7100CB661E08C89A000E4F06 /* PBXContainerItemProxy */ = {
			isa = PBXContainerItemProxy;
			containerPortal = 7100CB391E08C89A000E4F06 /* Project object */;
			proxyType = 1;
			remoteGlobalIDString = 7100CB401E08C89A000E4F06;
			remoteInfo = "ex1-1-4";
		};
/* End PBXContainerItemProxy section */

/* Begin PBXFileReference section */
		7100CB411E08C89A000E4F06 /* ex1-1-4.app */ = {isa = PBXFileReference; explicitFileType = wrapper.application; includeInIndex = 0; path = "ex1-1-4.app"; sourceTree = BUILT_PRODUCTS_DIR; };
		7100CB451E08C89A000E4F06 /* main.m */ = {isa = PBXFileReference; lastKnownFileType = sourcecode.c.objc; path = main.m; sourceTree = "<group>"; };
		7100CB471E08C89A000E4F06 /* AppDelegate.h */ = {isa = PBXFileReference; lastKnownFileType = sourcecode.c.h; path = AppDelegate.h; sourceTree = "<group>"; };
		7100CB481E08C89A000E4F06 /* AppDelegate.m */ = {isa = PBXFileReference; lastKnownFileType = sourcecode.c.objc; path = AppDelegate.m; sourceTree = "<group>"; };
		7100CB4A1E08C89A000E4F06 /* ViewController.h */ = {isa = PBXFileReference; lastKnownFileType = sourcecode.c.h; path = ViewController.h; sourceTree = "<group>"; };
		7100CB4B1E08C89A000E4F06 /* ViewController.m */ = {isa = PBXFileReference; lastKnownFileType = sourcecode.c.objc; path = ViewController.m; sourceTree = "<group>"; };
		7100CB4E1E08C89A000E4F06 /* Base */ = {isa = PBXFileReference; lastKnownFileType = file.storyboard; name = Base; path = Base.lproj/Main.storyboard; sourceTree = "<group>"; };
		7100CB501E08C89A000E4F06 /* Assets.xcassets */ = {isa = PBXFileReference; lastKnownFileType = folder.assetcatalog; path = Assets.xcassets; sourceTree = "<group>"; };
		7100CB531E08C89A000E4F06 /* Base */ = {isa = PBXFileReference; lastKnownFileType = file.storyboard; name = Base; path = Base.lproj/LaunchScreen.storyboard; sourceTree = "<group>"; };
		7100CB551E08C89A000E4F06 /* Info.plist */ = {isa = PBXFileReference; lastKnownFileType = text.plist.xml; path = Info.plist; sourceTree = "<group>"; };
		7100CB5A1E08C89A000E4F06 /* ex1-1-4Tests.xctest */ = {isa = PBXFileReference; explicitFileType = wrapper.cfbundle; includeInIndex = 0; path = "ex1-1-4Tests.xctest"; sourceTree = BUILT_PRODUCTS_DIR; };
		7100CB5E1E08C89A000E4F06 /* ex1_1_4Tests.m */ = {isa = PBXFileReference; lastKnownFileType = sourcecode.c.objc; path = ex1_1_4Tests.m; sourceTree = "<group>"; };
		7100CB601E08C89A000E4F06 /* Info.plist */ = {isa = PBXFileReference; lastKnownFileType = text.plist.xml; path = Info.plist; sourceTree = "<group>"; };
		7100CB651E08C89A000E4F06 /* ex1-1-4UITests.xctest */ = {isa = PBXFileReference; explicitFileType = wrapper.cfbundle; includeInIndex = 0; path = "ex1-1-4UITests.xctest"; sourceTree = BUILT_PRODUCTS_DIR; };
		7100CB691E08C89A000E4F06 /* ex1_1_4UITests.m */ = {isa = PBXFileReference; lastKnownFileType = sourcecode.c.objc; path = ex1_1_4UITests.m; sourceTree = "<group>"; };
		7100CB6B1E08C89A000E4F06 /* Info.plist */ = {isa = PBXFileReference; lastKnownFileType = text.plist.xml; path = Info.plist; sourceTree = "<group>"; };
/* End PBXFileReference section */

/* Begin PBXFrameworksBuildPhase section */
		7100CB3E1E08C89A000E4F06 /* Frameworks */ = {
			isa = PBXFrameworksBuildPhase;
			buildActionMask = 2147483647;
			files = (
			);
			runOnlyForDeploymentPostprocessing = 0;
		};
		7100CB571E08C89A000E4F06 /* Frameworks */ = {
			isa = PBXFrameworksBuildPhase;
			buildActionMask = 2147483647;
			files = (
			);
			runOnlyForDeploymentPostprocessing = 0;
		};
		7100CB621E08C89A000E4F06 /* Frameworks */ = {
			isa = PBXFrameworksBuildPhase;
			buildActionMask = 2147483647;
			files = (
			);
			runOnlyForDeploymentPostprocessing = 0;
		};
/* End PBXFrameworksBuildPhase section */

/* Begin PBXGroup section */
		7100CB381E08C89A000E4F06 = {
			isa = PBXGroup;
			children = (
				7100CB431E08C89A000E4F06 /* ex1-1-4 */,
				7100CB5D1E08C89A000E4F06 /* ex1-1-4Tests */,
				7100CB681E08C89A000E4F06 /* ex1-1-4UITests */,
				7100CB421E08C89A000E4F06 /* Products */,
			);
			sourceTree = "<group>";
		};
		7100CB421E08C89A000E4F06 /* Products */ = {
			isa = PBXGroup;
			children = (
				7100CB411E08C89A000E4F06 /* ex1-1-4.app */,
				7100CB5A1E08C89A000E4F06 /* ex1-1-4Tests.xctest */,
				7100CB651E08C89A000E4F06 /* ex1-1-4UITests.xctest */,
			);
			name = Products;
			sourceTree = "<group>";
		};
		7100CB431E08C89A000E4F06 /* ex1-1-4 */ = {
			isa = PBXGroup;
			children = (
				7100CB471E08C89A000E4F06 /* AppDelegate.h */,
				7100CB481E08C89A000E4F06 /* AppDelegate.m */,
				7100CB4A1E08C89A000E4F06 /* ViewController.h */,
				7100CB4B1E08C89A000E4F06 /* ViewController.m */,
				7100CB4D1E08C89A000E4F06 /* Main.storyboard */,
				7100CB501E08C89A000E4F06 /* Assets.xcassets */,
				7100CB521E08C89A000E4F06 /* LaunchScreen.storyboard */,
				7100CB551E08C89A000E4F06 /* Info.plist */,
				7100CB441E08C89A000E4F06 /* Supporting Files */,
			);
			path = "ex1-1-4";
			sourceTree = "<group>";
		};
		7100CB441E08C89A000E4F06 /* Supporting Files */ = {
			isa = PBXGroup;
			children = (
				7100CB451E08C89A000E4F06 /* main.m */,
			);
			name = "Supporting Files";
			sourceTree = "<group>";
		};
		7100CB5D1E08C89A000E4F06 /* ex1-1-4Tests */ = {
			isa = PBXGroup;
			children = (
				7100CB5E1E08C89A000E4F06 /* ex1_1_4Tests.m */,
				7100CB601E08C89A000E4F06 /* Info.plist */,
			);
			path = "ex1-1-4Tests";
			sourceTree = "<group>";
		};
		7100CB681E08C89A000E4F06 /* ex1-1-4UITests */ = {
			isa = PBXGroup;
			children = (
				7100CB691E08C89A000E4F06 /* ex1_1_4UITests.m */,
				7100CB6B1E08C89A000E4F06 /* Info.plist */,
			);
			path = "ex1-1-4UITests";
			sourceTree = "<group>";
		};
/* End PBXGroup section */

/* Begin PBXNativeTarget section */
		7100CB401E08C89A000E4F06 /* ex1-1-4 */ = {
			isa = PBXNativeTarget;
			buildConfigurationList = 7100CB6E1E08C89A000E4F06 /* Build configuration list for PBXNativeTarget "ex1-1-4" */;
			buildPhases = (
				7100CB3D1E08C89A000E4F06 /* Sources */,
				7100CB3E1E08C89A000E4F06 /* Frameworks */,
				7100CB3F1E08C89A000E4F06 /* Resources */,
			);
			buildRules = (
			);
			dependencies = (
			);
			name = "ex1-1-4";
			productName = "ex1-1-4";
			productReference = 7100CB411E08C89A000E4F06 /* ex1-1-4.app */;
			productType = "com.apple.product-type.application";
		};
		7100CB591E08C89A000E4F06 /* ex1-1-4Tests */ = {
			isa = PBXNativeTarget;
			buildConfigurationList = 7100CB711E08C89A000E4F06 /* Build configuration list for PBXNativeTarget "ex1-1-4Tests" */;
			buildPhases = (
				7100CB561E08C89A000E4F06 /* Sources */,
				7100CB571E08C89A000E4F06 /* Frameworks */,
				7100CB581E08C89A000E4F06 /* Resources */,
			);
			buildRules = (
			);
			dependencies = (
				7100CB5C1E08C89A000E4F06 /* PBXTargetDependency */,
			);
			name = "ex1-1-4Tests";
			productName = "ex1-1-4Tests";
			productReference = 7100CB5A1E08C89A000E4F06 /* ex1-1-4Tests.xctest */;
			productType = "com.apple.product-type.bundle.unit-test";
		};
		7100CB641E08C89A000E4F06 /* ex1-1-4UITests */ = {
			isa = PBXNativeTarget;
			buildConfigurationList = 7100CB741E08C89A000E4F06 /* Build configuration list for PBXNativeTarget "ex1-1-4UITests" */;
			buildPhases = (
				7100CB611E08C89A000E4F06 /* Sources */,
				7100CB621E08C89A000E4F06 /* Frameworks */,
				7100CB631E08C89A000E4F06 /* Resources */,
			);
			buildRules = (
			);
			dependencies = (
				7100CB671E08C89A000E4F06 /* PBXTargetDependency */,
			);
			name = "ex1-1-4UITests";
			productName = "ex1-1-4UITests";
			productReference = 7100CB651E08C89A000E4F06 /* ex1-1-4UITests.xctest */;
			productType = "com.apple.product-type.bundle.ui-testing";
		};
/* End PBXNativeTarget section */

/* Begin PBXProject section */
		7100CB391E08C89A000E4F06 /* Project object */ = {
			isa = PBXProject;
			attributes = {
				LastUpgradeCheck = 0730;
				ORGANIZATIONNAME = "富樫克仁";
				TargetAttributes = {
					7100CB401E08C89A000E4F06 = {
						CreatedOnToolsVersion = 7.3;
					};
					7100CB591E08C89A000E4F06 = {
						CreatedOnToolsVersion = 7.3;
						TestTargetID = 7100CB401E08C89A000E4F06;
					};
					7100CB641E08C89A000E4F06 = {
						CreatedOnToolsVersion = 7.3;
						TestTargetID = 7100CB401E08C89A000E4F06;
					};
				};
			};
			buildConfigurationList = 7100CB3C1E08C89A000E4F06 /* Build configuration list for PBXProject "ex1-1-4" */;
			compatibilityVersion = "Xcode 3.2";
			developmentRegion = English;
			hasScannedForEncodings = 0;
			knownRegions = (
				en,
				Base,
			);
			mainGroup = 7100CB381E08C89A000E4F06;
			productRefGroup = 7100CB421E08C89A000E4F06 /* Products */;
			projectDirPath = "";
			projectRoot = "";
			targets = (
				7100CB401E08C89A000E4F06 /* ex1-1-4 */,
				7100CB591E08C89A000E4F06 /* ex1-1-4Tests */,
				7100CB641E08C89A000E4F06 /* ex1-1-4UITests */,
			);
		};
/* End PBXProject section */

/* Begin PBXResourcesBuildPhase section */
		7100CB3F1E08C89A000E4F06 /* Resources */ = {
			isa = PBXResourcesBuildPhase;
			buildActionMask = 2147483647;
			files = (
				7100CB541E08C89A000E4F06 /* LaunchScreen.storyboard in Resources */,
				7100CB511E08C89A000E4F06 /* Assets.xcassets in Resources */,
				7100CB4F1E08C89A000E4F06 /* Main.storyboard in Resources */,
			);
			runOnlyForDeploymentPostprocessing = 0;
		};
		7100CB581E08C89A000E4F06 /* Resources */ = {
			isa = PBXResourcesBuildPhase;
			buildActionMask = 2147483647;
			files = (
			);
			runOnlyForDeploymentPostprocessing = 0;
		};
		7100CB631E08C89A000E4F06 /* Resources */ = {
			isa = PBXResourcesBuildPhase;
			buildActionMask = 2147483647;
			files = (
			);
			runOnlyForDeploymentPostprocessing = 0;
		};
/* End PBXResourcesBuildPhase section */

/* Begin PBXSourcesBuildPhase section */
		7100CB3D1E08C89A000E4F06 /* Sources */ = {
			isa = PBXSourcesBuildPhase;
			buildActionMask = 2147483647;
			files = (
				7100CB4C1E08C89A000E4F06 /* ViewController.m in Sources */,
				7100CB491E08C89A000E4F06 /* AppDelegate.m in Sources */,
				7100CB461E08C89A000E4F06 /* main.m in Sources */,
			);
			runOnlyForDeploymentPostprocessing = 0;
		};
		7100CB561E08C89A000E4F06 /* Sources */ = {
			isa = PBXSourcesBuildPhase;
			buildActionMask = 2147483647;
			files = (
				7100CB5F1E08C89A000E4F06 /* ex1_1_4Tests.m in Sources */,
			);
			runOnlyForDeploymentPostprocessing = 0;
		};
		7100CB611E08C89A000E4F06 /* Sources */ = {
			isa = PBXSourcesBuildPhase;
			buildActionMask = 2147483647;
			files = (
				7100CB6A1E08C89A000E4F06 /* ex1_1_4UITests.m in Sources */,
			);
			runOnlyForDeploymentPostprocessing = 0;
		};
/* End PBXSourcesBuildPhase section */

/* Begin PBXTargetDependency section */
		7100CB5C1E08C89A000E4F06 /* PBXTargetDependency */ = {
			isa = PBXTargetDependency;
			target = 7100CB401E08C89A000E4F06 /* ex1-1-4 */;
			targetProxy = 7100CB5B1E08C89A000E4F06 /* PBXContainerItemProxy */;
		};
		7100CB671E08C89A000E4F06 /* PBXTargetDependency */ = {
			isa = PBXTargetDependency;
			target = 7100CB401E08C89A000E4F06 /* ex1-1-4 */;
			targetProxy = 7100CB661E08C89A000E4F06 /* PBXContainerItemProxy */;
		};
/* End PBXTargetDependency section */

/* Begin PBXVariantGroup section */
		7100CB4D1E08C89A000E4F06 /* Main.storyboard */ = {
			isa = PBXVariantGroup;
			children = (
				7100CB4E1E08C89A000E4F06 /* Base */,
			);
			name = Main.storyboard;
			sourceTree = "<group>";
		};
		7100CB521E08C89A000E4F06 /* LaunchScreen.storyboard */ = {
			isa = PBXVariantGroup;
			children = (
				7100CB531E08C89A000E4F06 /* Base */,
			);
			name = LaunchScreen.storyboard;
			sourceTree = "<group>";
		};
/* End PBXVariantGroup section */

/* Begin XCBuildConfiguration section */
		7100CB6C1E08C89A000E4F06 /* Debug */ = {
			isa = XCBuildConfiguration;
			buildSettings = {
				ALWAYS_SEARCH_USER_PATHS = NO;
				CLANG_ANALYZER_NONNULL = YES;
				CLANG_CXX_LANGUAGE_STANDARD = "gnu++0x";
				CLANG_CXX_LIBRARY = "libc++";
				CLANG_ENABLE_MODULES = YES;
				CLANG_ENABLE_OBJC_ARC = YES;
				CLANG_WARN_BOOL_CONVERSION = YES;
				CLANG_WARN_CONSTANT_CONVERSION = YES;
				CLANG_WARN_DIRECT_OBJC_ISA_USAGE = YES_ERROR;
				CLANG_WARN_EMPTY_BODY = YES;
				CLANG_WARN_ENUM_CONVERSION = YES;
				CLANG_WARN_INT_CONVERSION = YES;
				CLANG_WARN_OBJC_ROOT_CLASS = YES_ERROR;
				CLANG_WARN_UNREACHABLE_CODE = YES;
				CLANG_WARN__DUPLICATE_METHOD_MATCH = YES;
				"CODE_SIGN_IDENTITY[sdk=iphoneos*]" = "iPhone Developer";
				COPY_PHASE_STRIP = NO;
				DEBUG_INFORMATION_FORMAT = dwarf;
				ENABLE_STRICT_OBJC_MSGSEND = YES;
				ENABLE_TESTABILITY = YES;
				GCC_C_LANGUAGE_STANDARD = gnu99;
				GCC_DYNAMIC_NO_PIC = NO;
				GCC_NO_COMMON_BLOCKS = YES;
				GCC_OPTIMIZATION_LEVEL = 0;
				GCC_PREPROCESSOR_DEFINITIONS = (
					"DEBUG=1",
					"$(inherited)",
				);
				GCC_WARN_64_TO_32_BIT_CONVERSION = YES;
				GCC_WARN_ABOUT_RETURN_TYPE = YES_ERROR;
				GCC_WARN_UNDECLARED_SELECTOR = YES;
				GCC_WARN_UNINITIALIZED_AUTOS = YES_AGGRESSIVE;
				GCC_WARN_UNUSED_FUNCTION = YES;
				GCC_WARN_UNUSED_VARIABLE = YES;
				IPHONEOS_DEPLOYMENT_TARGET = 9.3;
				MTL_ENABLE_DEBUG_INFO = YES;
				ONLY_ACTIVE_ARCH = YES;
				SDKROOT = iphoneos;
				TARGETED_DEVICE_FAMILY = "1,2";
			};
			name = Debug;
		};
		7100CB6D1E08C89A000E4F06 /* Release */ = {
			isa = XCBuildConfiguration;
			buildSettings = {
				ALWAYS_SEARCH_USER_PATHS = NO;
				CLANG_ANALYZER_NONNULL = YES;
				CLANG_CXX_LANGUAGE_STANDARD = "gnu++0x";
				CLANG_CXX_LIBRARY = "libc++";
				CLANG_ENABLE_MODULES = YES;
				CLANG_ENABLE_OBJC_ARC = YES;
				CLANG_WARN_BOOL_CONVERSION = YES;
				CLANG_WARN_CONSTANT_CONVERSION = YES;
				CLANG_WARN_DIRECT_OBJC_ISA_USAGE = YES_ERROR;
				CLANG_WARN_EMPTY_BODY = YES;
				CLANG_WARN_ENUM_CONVERSION = YES;
				CLANG_WARN_INT_CONVERSION = YES;
				CLANG_WARN_OBJC_ROOT_CLASS = YES_ERROR;
				CLANG_WARN_UNREACHABLE_CODE = YES;
				CLANG_WARN__DUPLICATE_METHOD_MATCH = YES;
				"CODE_SIGN_IDENTITY[sdk=iphoneos*]" = "iPhone Developer";
				COPY_PHASE_STRIP = NO;
				DEBUG_INFORMATION_FORMAT = "dwarf-with-dsym";
				ENABLE_NS_ASSERTIONS = NO;
				ENABLE_STRICT_OBJC_MSGSEND = YES;
				GCC_C_LANGUAGE_STANDARD = gnu99;
				GCC_NO_COMMON_BLOCKS = YES;
				GCC_WARN_64_TO_32_BIT_CONVERSION = YES;
				GCC_WARN_ABOUT_RETURN_TYPE = YES_ERROR;
				GCC_WARN_UNDECLARED_SELECTOR = YES;
				GCC_WARN_UNINITIALIZED_AUTOS = YES_AGGRESSIVE;
				GCC_WARN_UNUSED_FUNCTION = YES;
				GCC_WARN_UNUSED_VARIABLE = YES;
				IPHONEOS_DEPLOYMENT_TARGET = 9.3;
				MTL_ENABLE_DEBUG_INFO = NO;
				SDKROOT = iphoneos;
				TARGETED_DEVICE_FAMILY = "1,2";
				VALIDATE_PRODUCT = YES;
			};
			name = Release;
		};
		7100CB6F1E08C89A000E4F06 /* Debug */ = {
			isa = XCBuildConfiguration;
			buildSettings = {
				ASSETCATALOG_COMPILER_APPICON_NAME = AppIcon;
				INFOPLIST_FILE = "ex1-1-4/Info.plist";
				LD_RUNPATH_SEARCH_PATHS = "$(inherited) @executable_path/Frameworks";
				PRODUCT_BUNDLE_IDENTIFIER = "example.com.ex1-1-4";
				PRODUCT_NAME = "$(TARGET_NAME)";
			};
			name = Debug;
		};
		7100CB701E08C89A000E4F06 /* Release */ = {
			isa = XCBuildConfiguration;
			buildSettings = {
				ASSETCATALOG_COMPILER_APPICON_NAME = AppIcon;
				INFOPLIST_FILE = "ex1-1-4/Info.plist";
				LD_RUNPATH_SEARCH_PATHS = "$(inherited) @executable_path/Frameworks";
				PRODUCT_BUNDLE_IDENTIFIER = "example.com.ex1-1-4";
				PRODUCT_NAME = "$(TARGET_NAME)";
			};
			name = Release;
		};
		7100CB721E08C89A000E4F06 /* Debug */ = {
			isa = XCBuildConfiguration;
			buildSettings = {
				BUNDLE_LOADER = "$(TEST_HOST)";
				INFOPLIST_FILE = "ex1-1-4Tests/Info.plist";
				LD_RUNPATH_SEARCH_PATHS = "$(inherited) @executable_path/Frameworks @loader_path/Frameworks";
				PRODUCT_BUNDLE_IDENTIFIER = "example.com.ex1-1-4Tests";
				PRODUCT_NAME = "$(TARGET_NAME)";
				TEST_HOST = "$(BUILT_PRODUCTS_DIR)/ex1-1-4.app/ex1-1-4";
			};
			name = Debug;
		};
		7100CB731E08C89A000E4F06 /* Release */ = {
			isa = XCBuildConfiguration;
			buildSettings = {
				BUNDLE_LOADER = "$(TEST_HOST)";
				INFOPLIST_FILE = "ex1-1-4Tests/Info.plist";
				LD_RUNPATH_SEARCH_PATHS = "$(inherited) @executable_path/Frameworks @loader_path/Frameworks";
				PRODUCT_BUNDLE_IDENTIFIER = "example.com.ex1-1-4Tests";
				PRODUCT_NAME = "$(TARGET_NAME)";
				TEST_HOST = "$(BUILT_PRODUCTS_DIR)/ex1-1-4.app/ex1-1-4";
			};
			name = Release;
		};
		7100CB751E08C89A000E4F06 /* Debug */ = {
			isa = XCBuildConfiguration;
			buildSettings = {
				INFOPLIST_FILE = "ex1-1-4UITests/Info.plist";
				LD_RUNPATH_SEARCH_PATHS = "$(inherited) @executable_path/Frameworks @loader_path/Frameworks";
				PRODUCT_BUNDLE_IDENTIFIER = "example.com.ex1-1-4UITests";
				PRODUCT_NAME = "$(TARGET_NAME)";
				TEST_TARGET_NAME = "ex1-1-4";
			};
			name = Debug;
		};
		7100CB761E08C89A000E4F06 /* Release */ = {
			isa = XCBuildConfiguration;
			buildSettings = {
				INFOPLIST_FILE = "ex1-1-4UITests/Info.plist";
				LD_RUNPATH_SEARCH_PATHS = "$(inherited) @executable_path/Frameworks @loader_path/Frameworks";
				PRODUCT_BUNDLE_IDENTIFIER = "example.com.ex1-1-4UITests";
				PRODUCT_NAME = "$(TARGET_NAME)";
				TEST_TARGET_NAME = "ex1-1-4";
			};
			name = Release;
		};
/* End XCBuildConfiguration section */

/* Begin XCConfigurationList section */
		7100CB3C1E08C89A000E4F06 /* Build configuration list for PBXProject "ex1-1-4" */ = {
			isa = XCConfigurationList;
			buildConfigurations = (
				7100CB6C1E08C89A000E4F06 /* Debug */,
				7100CB6D1E08C89A000E4F06 /* Release */,
			);
			defaultConfigurationIsVisible = 0;
			defaultConfigurationName = Release;
		};
		7100CB6E1E08C89A000E4F06 /* Build configuration list for PBXNativeTarget "ex1-1-4" */ = {
			isa = XCConfigurationList;
			buildConfigurations = (
				7100CB6F1E08C89A000E4F06 /* Debug */,
				7100CB701E08C89A000E4F06 /* Release */,
			);
			defaultConfigurationIsVisible = 0;
		};
		7100CB711E08C89A000E4F06 /* Build configuration list for PBXNativeTarget "ex1-1-4Tests" */ = {
			isa = XCConfigurationList;
			buildConfigurations = (
				7100CB721E08C89A000E4F06 /* Debug */,
				7100CB731E08C89A000E4F06 /* Release */,
			);
			defaultConfigurationIsVisible = 0;
		};
		7100CB741E08C89A000E4F06 /* Build configuration list for PBXNativeTarget "ex1-1-4UITests" */ = {
			isa = XCConfigurationList;
			buildConfigurations = (
				7100CB751E08C89A000E4F06 /* Debug */,
				7100CB761E08C89A000E4F06 /* Release */,
			);
			defaultConfigurationIsVisible = 0;
		};
/* End XCConfigurationList section */
	};
	rootObject = 7100CB391E08C89A000E4F06 /* Project object */;
}
